
Microsoft Visual Studio Solution File, Format Version 12.00
# Visual Studio Version 17
VisualStudioVersion = 17.7.34202.233
MinimumVisualStudioVersion = 10.0.40219.1
Project("{FAE04EC0-301F-11D3-BF4B-00C04F79EFBC}") = "Wiek na prezydenta", "Wiek na prezydenta\Wiek na prezydenta.csproj", "{D2AB8AD4-5DA1-4BAC-A5B4-5C39F36F1FC0}"
EndProject
Global
	GlobalSection(SolutionConfigurationPlatforms) = preSolution
		Debug|Any CPU = Debug|Any CPU
		Release|Any CPU = Release|Any CPU
	EndGlobalSection
	GlobalSection(ProjectConfigurationPlatforms) = postSolution
		{D2AB8AD4-5DA1-4BAC-A5B4-5C39F36F1FC0}.Debug|Any CPU.ActiveCfg = Debug|Any CPU
		{D2AB8AD4-5DA1-4BAC-A5B4-5C39F36F1FC0}.Debug|Any CPU.Build.0 = Debug|Any CPU
		{D2AB8AD4-5DA1-4BAC-A5B4-5C39F36F1FC0}.Release|Any CPU.ActiveCfg = Release|Any CPU
		{D2AB8AD4-5DA1-4BAC-A5B4-5C39F36F1FC0}.Release|Any CPU.Build.0 = Release|Any CPU
	EndGlobalSection
	GlobalSection(SolutionProperties) = preSolution
		HideSolutionNode = FALSE
	EndGlobalSection
	GlobalSection(ExtensibilityGlobals) = postSolution
		SolutionGuid = {B0DD8F05-1403-4D1F-8EBE-1AAE98FD0AD3}
	EndGlobalSection
EndGlobal
